
Microsoft Visual Studio Solution File, Format Version 12.00
# Visual Studio Version 16
VisualStudioVersion = 16.0.29123.88
MinimumVisualStudioVersion = 10.0.40219.1
Project("{FAE04EC0-301F-11D3-BF4B-00C04F79EFBC}") = "TextToSpeechWindow10APIDemo", "TextToSpeechWindow10APIDemo\TextToSpeechWindow10APIDemo.csproj", "{9610EB91-1EC4-4A3D-9F81-F5B10B802881}"
EndProject
Global
	GlobalSection(SolutionConfigurationPlatforms) = preSolution
		Debug|Any CPU = Debug|Any CPU
		Release|Any CPU = Release|Any CPU
	EndGlobalSection
	GlobalSection(ProjectConfigurationPlatforms) = postSolution
		{9610EB91-1EC4-4A3D-9F81-F5B10B802881}.Debug|Any CPU.ActiveCfg = Debug|Any CPU
		{9610EB91-1EC4-4A3D-9F81-F5B10B802881}.Debug|Any CPU.Build.0 = Debug|Any CPU
		{9610EB91-1EC4-4A3D-9F81-F5B10B802881}.Release|Any CPU.ActiveCfg = Release|Any CPU
		{9610EB91-1EC4-4A3D-9F81-F5B10B802881}.Release|Any CPU.Build.0 = Release|Any CPU
	EndGlobalSection
	GlobalSection(SolutionProperties) = preSolution
		HideSolutionNode = FALSE
	EndGlobalSection
	GlobalSection(ExtensibilityGlobals) = postSolution
		SolutionGuid = {CFCA3515-C4CD-4DD9-953B-247AA6548D04}
	EndGlobalSection
EndGlobal
